{
  "nodes": {
    "home-manager": {
      "inputs": {
        "nixpkgs": [
          "nixpkgs"
        ]
      },
      "locked": {
        "lastModified": 1686647276,
        "narHash": "sha256-ic82o42F9EDAMgHoMwrIG8UuRejI7sSYgc77bYnwLcA=",
        "owner": "nix-community",
        "repo": "home-manager",
        "rev": "d9a97e8b33227a6086538ac2d3d1960b03ed940c",
        "type": "github"
      },
      "original": {
        "id": "home-manager",
        "type": "indirect"
      }
    },
    "nixpkgs": {
      "locked": {
        "lastModified": 1686431482,
        "narHash": "sha256-oPVQ/0YP7yC2ztNsxvWLrV+f0NQ2QAwxbrZ+bgGydEM=",
        "owner": "NixOS",
        "repo": "nixpkgs",
        "rev": "d3bb401dcfc5a46ce51cdfb5762e70cc75d082d2",
        "type": "github"
      },
      "original": {
        "id": "nixpkgs",
        "ref": "nixos-23.05",
        "type": "indirect"
      }
    },
    "nixpkgs-unstable": {
      "locked": {
        "lastModified": 1686582075,
        "narHash": "sha256-vtflsfKkHtF8IduxDNtbme4cojiqvlvjp5QNYhvoHXc=",
        "owner": "NixOS",
        "repo": "nixpkgs",
        "rev": "7e63eed145566cca98158613f3700515b4009ce3",
        "type": "github"
      },
      "original": {
        "id": "nixpkgs",
        "type": "indirect"
      }
    },
    "root": {
      "inputs": {
        "home-manager": "home-manager",
        "nixpkgs": "nixpkgs",
        "nixpkgs-unstable": "nixpkgs-unstable"
      }
    }
  },
  "root": "root",
  "version": 7
}
